
Microsoft Visual Studio Solution File, Format Version 12.00
# Visual Studio Version 16
VisualStudioVersion = 16.0.30114.105
MinimumVisualStudioVersion = 10.0.40219.1
Project("{2150E333-8FDC-42A3-9474-1A3956D46DE8}") = "Common", "Common", "{C12FF1B3-7B11-4C5A-8A66-5AE984A1B9E4}"
EndProject
Project("{FAE04EC0-301F-11D3-BF4B-00C04F79EFBC}") = "WorldOfPowerTools.Domain", "Common\WorldOfPowerTools.Domain\WorldOfPowerTools.Domain.csproj", "{68AFEF68-878E-40DF-930C-A1EFEB14D00E}"
EndProject
Project("{2150E333-8FDC-42A3-9474-1A3956D46DE8}") = "Data", "Data", "{5F415898-88AB-443C-8A10-9380DA3E48EE}"
EndProject
Project("{FAE04EC0-301F-11D3-BF4B-00C04F79EFBC}") = "WorldOfPowerTools.DAL", "Data\WorldOfPowerTools.DAL\WorldOfPowerTools.DAL.csproj", "{5927B1F9-5851-4C19-A855-4B1E2D35B85B}"
EndProject
Project("{FAE04EC0-301F-11D3-BF4B-00C04F79EFBC}") = "WorldOfPowerTools.DAL.SqlServer", "Data\WorldOfPowerTools.DAL.SqlServer\WorldOfPowerTools.DAL.SqlServer.csproj", "{ECE63449-DD02-4369-8D1D-8BFDAA58AD4D}"
EndProject
Project("{2150E333-8FDC-42A3-9474-1A3956D46DE8}") = "Services", "Services", "{A37655AF-DC80-4068-AB0A-7E6E9A0E52D7}"
EndProject
Project("{FAE04EC0-301F-11D3-BF4B-00C04F79EFBC}") = "WorldOfPowerTools.API", "Services\WorldOfPowerTools.API\WorldOfPowerTools.API.csproj", "{A4BB27E0-2AA4-43D0-BDE1-F8B2EBB0557A}"
EndProject
Project("{FAE04EC0-301F-11D3-BF4B-00C04F79EFBC}") = "WorldOfPowerTools.Domain.Enums", "Common\WorldOfPowerTools.Domain.Enums\WorldOfPowerTools.Domain.Enums.csproj", "{3BD73529-F8EA-4103-AAC1-8A38836ACF8A}"
EndProject
Project("{2150E333-8FDC-42A3-9474-1A3956D46DE8}") = "Tests", "Tests", "{2C9F46D9-8C19-495D-BE13-24FA9EAC361E}"
EndProject
Project("{FAE04EC0-301F-11D3-BF4B-00C04F79EFBC}") = "WorldOfPowerTools.TestConsole", "Tests\WorldOfPowerTools.TestConsole\WorldOfPowerTools.TestConsole.csproj", "{ECF474D0-1A77-46AF-BD15-C640872AAB7C}"
EndProject
Project("{2150E333-8FDC-42A3-9474-1A3956D46DE8}") = "Common", "Common", "{51C33B3E-6611-46C5-906E-A01637FFCE1D}"
EndProject
Project("{FAE04EC0-301F-11D3-BF4B-00C04F79EFBC}") = "WorldOfPowerTools.Domain.Test", "Tests\Common\WorldOfPowerTools.Domain.Test\WorldOfPowerTools.Domain.Test.csproj", "{9F11B301-2DA2-4AFF-9682-FB95A806204F}"
EndProject
Global
	GlobalSection(SolutionConfigurationPlatforms) = preSolution
		Debug|Any CPU = Debug|Any CPU
		Release|Any CPU = Release|Any CPU
	EndGlobalSection
	GlobalSection(SolutionProperties) = preSolution
		HideSolutionNode = FALSE
	EndGlobalSection
	GlobalSection(ProjectConfigurationPlatforms) = postSolution
		{68AFEF68-878E-40DF-930C-A1EFEB14D00E}.Debug|Any CPU.ActiveCfg = Debug|Any CPU
		{68AFEF68-878E-40DF-930C-A1EFEB14D00E}.Debug|Any CPU.Build.0 = Debug|Any CPU
		{68AFEF68-878E-40DF-930C-A1EFEB14D00E}.Release|Any CPU.ActiveCfg = Release|Any CPU
		{68AFEF68-878E-40DF-930C-A1EFEB14D00E}.Release|Any CPU.Build.0 = Release|Any CPU
		{5927B1F9-5851-4C19-A855-4B1E2D35B85B}.Debug|Any CPU.ActiveCfg = Debug|Any CPU
		{5927B1F9-5851-4C19-A855-4B1E2D35B85B}.Debug|Any CPU.Build.0 = Debug|Any CPU
		{5927B1F9-5851-4C19-A855-4B1E2D35B85B}.Release|Any CPU.ActiveCfg = Release|Any CPU
		{5927B1F9-5851-4C19-A855-4B1E2D35B85B}.Release|Any CPU.Build.0 = Release|Any CPU
		{ECE63449-DD02-4369-8D1D-8BFDAA58AD4D}.Debug|Any CPU.ActiveCfg = Debug|Any CPU
		{ECE63449-DD02-4369-8D1D-8BFDAA58AD4D}.Debug|Any CPU.Build.0 = Debug|Any CPU
		{ECE63449-DD02-4369-8D1D-8BFDAA58AD4D}.Release|Any CPU.ActiveCfg = Release|Any CPU
		{ECE63449-DD02-4369-8D1D-8BFDAA58AD4D}.Release|Any CPU.Build.0 = Release|Any CPU
		{A4BB27E0-2AA4-43D0-BDE1-F8B2EBB0557A}.Debug|Any CPU.ActiveCfg = Debug|Any CPU
		{A4BB27E0-2AA4-43D0-BDE1-F8B2EBB0557A}.Debug|Any CPU.Build.0 = Debug|Any CPU
		{A4BB27E0-2AA4-43D0-BDE1-F8B2EBB0557A}.Release|Any CPU.ActiveCfg = Release|Any CPU
		{A4BB27E0-2AA4-43D0-BDE1-F8B2EBB0557A}.Release|Any CPU.Build.0 = Release|Any CPU
		{3BD73529-F8EA-4103-AAC1-8A38836ACF8A}.Debug|Any CPU.ActiveCfg = Debug|Any CPU
		{3BD73529-F8EA-4103-AAC1-8A38836ACF8A}.Debug|Any CPU.Build.0 = Debug|Any CPU
		{3BD73529-F8EA-4103-AAC1-8A38836ACF8A}.Release|Any CPU.ActiveCfg = Release|Any CPU
		{3BD73529-F8EA-4103-AAC1-8A38836ACF8A}.Release|Any CPU.Build.0 = Release|Any CPU
		{ECF474D0-1A77-46AF-BD15-C640872AAB7C}.Debug|Any CPU.ActiveCfg = Debug|Any CPU
		{ECF474D0-1A77-46AF-BD15-C640872AAB7C}.Debug|Any CPU.Build.0 = Debug|Any CPU
		{ECF474D0-1A77-46AF-BD15-C640872AAB7C}.Release|Any CPU.ActiveCfg = Release|Any CPU
		{ECF474D0-1A77-46AF-BD15-C640872AAB7C}.Release|Any CPU.Build.0 = Release|Any CPU
		{9F11B301-2DA2-4AFF-9682-FB95A806204F}.Debug|Any CPU.ActiveCfg = Debug|Any CPU
		{9F11B301-2DA2-4AFF-9682-FB95A806204F}.Debug|Any CPU.Build.0 = Debug|Any CPU
		{9F11B301-2DA2-4AFF-9682-FB95A806204F}.Release|Any CPU.ActiveCfg = Release|Any CPU
		{9F11B301-2DA2-4AFF-9682-FB95A806204F}.Release|Any CPU.Build.0 = Release|Any CPU
	EndGlobalSection
	GlobalSection(NestedProjects) = preSolution
		{68AFEF68-878E-40DF-930C-A1EFEB14D00E} = {C12FF1B3-7B11-4C5A-8A66-5AE984A1B9E4}
		{5927B1F9-5851-4C19-A855-4B1E2D35B85B} = {5F415898-88AB-443C-8A10-9380DA3E48EE}
		{ECE63449-DD02-4369-8D1D-8BFDAA58AD4D} = {5F415898-88AB-443C-8A10-9380DA3E48EE}
		{A4BB27E0-2AA4-43D0-BDE1-F8B2EBB0557A} = {A37655AF-DC80-4068-AB0A-7E6E9A0E52D7}
		{3BD73529-F8EA-4103-AAC1-8A38836ACF8A} = {C12FF1B3-7B11-4C5A-8A66-5AE984A1B9E4}
		{ECF474D0-1A77-46AF-BD15-C640872AAB7C} = {2C9F46D9-8C19-495D-BE13-24FA9EAC361E}
		{51C33B3E-6611-46C5-906E-A01637FFCE1D} = {2C9F46D9-8C19-495D-BE13-24FA9EAC361E}
		{9F11B301-2DA2-4AFF-9682-FB95A806204F} = {51C33B3E-6611-46C5-906E-A01637FFCE1D}
	EndGlobalSection
EndGlobal
